
Microsoft Visual Studio Solution File, Format Version 12.00
# Visual Studio Version 16
VisualStudioVersion = 16.0.29609.76
MinimumVisualStudioVersion = 10.0.40219.1
Project("{FAE04EC0-301F-11D3-BF4B-00C04F79EFBC}") = "coron", "coron.csproj", "{0F792811-6CBA-46D2-8B92-DEA2804496C3}"
EndProject
Global
	GlobalSection(SolutionConfigurationPlatforms) = preSolution
		Debug|Any CPU = Debug|Any CPU
		Release|Any CPU = Release|Any CPU
	EndGlobalSection
	GlobalSection(ProjectConfigurationPlatforms) = postSolution
		{0F792811-6CBA-46D2-8B92-DEA2804496C3}.Debug|Any CPU.ActiveCfg = Debug|Any CPU
		{0F792811-6CBA-46D2-8B92-DEA2804496C3}.Debug|Any CPU.Build.0 = Debug|Any CPU
		{0F792811-6CBA-46D2-8B92-DEA2804496C3}.Release|Any CPU.ActiveCfg = Release|Any CPU
		{0F792811-6CBA-46D2-8B92-DEA2804496C3}.Release|Any CPU.Build.0 = Release|Any CPU
	EndGlobalSection
	GlobalSection(SolutionProperties) = preSolution
		HideSolutionNode = FALSE
	EndGlobalSection
	GlobalSection(ExtensibilityGlobals) = postSolution
		SolutionGuid = {76072490-597C-430C-B92F-B3AB7FD6214B}
	EndGlobalSection
EndGlobal
